
Microsoft Visual Studio Solution File, Format Version 12.00
# Visual Studio Version 17
VisualStudioVersion = 17.0.32112.339
MinimumVisualStudioVersion = 10.0.40219.1
Project("{FAE04EC0-301F-11D3-BF4B-00C04F79EFBC}") = "TableViewerFromCSV", "TableViewerFromCSV\TableViewerFromCSV.csproj", "{5880693F-6299-40BB-9FA8-60638D70E4EC}"
EndProject
Global
	GlobalSection(SolutionConfigurationPlatforms) = preSolution
		Debug|Any CPU = Debug|Any CPU
		Release|Any CPU = Release|Any CPU
	EndGlobalSection
	GlobalSection(ProjectConfigurationPlatforms) = postSolution
		{5880693F-6299-40BB-9FA8-60638D70E4EC}.Debug|Any CPU.ActiveCfg = Debug|Any CPU
		{5880693F-6299-40BB-9FA8-60638D70E4EC}.Debug|Any CPU.Build.0 = Debug|Any CPU
		{5880693F-6299-40BB-9FA8-60638D70E4EC}.Release|Any CPU.ActiveCfg = Release|Any CPU
		{5880693F-6299-40BB-9FA8-60638D70E4EC}.Release|Any CPU.Build.0 = Release|Any CPU
	EndGlobalSection
	GlobalSection(SolutionProperties) = preSolution
		HideSolutionNode = FALSE
	EndGlobalSection
	GlobalSection(ExtensibilityGlobals) = postSolution
		SolutionGuid = {911C38B3-69D4-4298-88FE-46A08E9C078B}
	EndGlobalSection
EndGlobal
